
Microsoft Visual Studio Solution File, Format Version 12.00
# Visual Studio Version 17
VisualStudioVersion = 17.4.33403.182
MinimumVisualStudioVersion = 10.0.40219.1
Project("{FAE04EC0-301F-11D3-BF4B-00C04F79EFBC}") = "TodoApi", "TodoApi\TodoApi.csproj", "{A647E5CA-3664-44FC-87DE-54E782EF8AD9}"
EndProject
Global
	GlobalSection(SolutionConfigurationPlatforms) = preSolution
		Debug|Any CPU = Debug|Any CPU
		Release|Any CPU = Release|Any CPU
	EndGlobalSection
	GlobalSection(ProjectConfigurationPlatforms) = postSolution
		{A647E5CA-3664-44FC-87DE-54E782EF8AD9}.Debug|Any CPU.ActiveCfg = Debug|Any CPU
		{A647E5CA-3664-44FC-87DE-54E782EF8AD9}.Debug|Any CPU.Build.0 = Debug|Any CPU
		{A647E5CA-3664-44FC-87DE-54E782EF8AD9}.Release|Any CPU.ActiveCfg = Release|Any CPU
		{A647E5CA-3664-44FC-87DE-54E782EF8AD9}.Release|Any CPU.Build.0 = Release|Any CPU
	EndGlobalSection
	GlobalSection(SolutionProperties) = preSolution
		HideSolutionNode = FALSE
	EndGlobalSection
	GlobalSection(ExtensibilityGlobals) = postSolution
		SolutionGuid = {97929CC2-488D-4B36-BBFC-74431CE07CD3}
	EndGlobalSection
EndGlobal
